// !$*UTF8*$!
{
	archiveVersion = 1;
	classes = {
	};
	objectVersion = 51;
	objects = {

/* Begin PBXBuildFile section */
		990066A12445342D0015C351 /* MWFavoriteActorsViewController.swift in Sources */ = {isa = PBXBuildFile; fileRef = 990066A02445342D0015C351 /* MWFavoriteActorsViewController.swift */; };
		991420CF243A0FAB00A11F49 /* MWPersonMovies.swift in Sources */ = {isa = PBXBuildFile; fileRef = 991420CE243A0FAB00A11F49 /* MWPersonMovies.swift */; };
		992A1D67242AA61E00D61D65 /* MWMovieCast.swift in Sources */ = {isa = PBXBuildFile; fileRef = 992A1D66242AA61E00D61D65 /* MWMovieCast.swift */; };
		992A1D69242AB81600D61D65 /* Notification + Ex.swift in Sources */ = {isa = PBXBuildFile; fileRef = 992A1D68242AB81600D61D65 /* Notification + Ex.swift */; };
		992A1D6B242AC43200D61D65 /* MWCastMemberCollectionViewCell.swift in Sources */ = {isa = PBXBuildFile; fileRef = 992A1D6A242AC43200D61D65 /* MWCastMemberCollectionViewCell.swift */; };
		992A1D6D242C053C00D61D65 /* MWMovieAdditionalInfo.swift in Sources */ = {isa = PBXBuildFile; fileRef = 992A1D6C242C053C00D61D65 /* MWMovieAdditionalInfo.swift */; };
		992CF937240549E200301BC5 /* MWMainTableViewCell.swift in Sources */ = {isa = PBXBuildFile; fileRef = 992CF936240549E200301BC5 /* MWMainTableViewCell.swift */; };
		992CF93924054B3A00301BC5 /* MWCustomButton.swift in Sources */ = {isa = PBXBuildFile; fileRef = 992CF93824054B3A00301BC5 /* MWCustomButton.swift */; };
		992CF93B240687B700301BC5 /* MWMainCollectionViewCell.swift in Sources */ = {isa = PBXBuildFile; fileRef = 992CF93A240687B700301BC5 /* MWMainCollectionViewCell.swift */; };
		992DB7D12428CD700047D438 /* MWSingleMovieViewController.swift in Sources */ = {isa = PBXBuildFile; fileRef = 992DB7D02428CD700047D438 /* MWSingleMovieViewController.swift */; };
		992DB7D32428D8920047D438 /* MWMovieVideo.swift in Sources */ = {isa = PBXBuildFile; fileRef = 992DB7D22428D8920047D438 /* MWMovieVideo.swift */; };
		993D6DC32447C423000F5180 /* UINavigationController + ex.swift in Sources */ = {isa = PBXBuildFile; fileRef = 993D6DC22447C423000F5180 /* UINavigationController + ex.swift */; };
		9941EAB82424F2CF00E0CFE6 /* MWGenreCollectionViewCell.swift in Sources */ = {isa = PBXBuildFile; fileRef = 9941EAB72424F2CF00E0CFE6 /* MWGenreCollectionViewCell.swift */; };
		9944CFBD24475F3F00C783CD /* MasterFavoriteViewController.swift in Sources */ = {isa = PBXBuildFile; fileRef = 9944CFBC24475F3F00C783CD /* MasterFavoriteViewController.swift */; };
		994842F6245A27DD009F04AE /* ImageConfiguration+CoreDataClass.swift in Sources */ = {isa = PBXBuildFile; fileRef = 994842E6245A27DD009F04AE /* ImageConfiguration+CoreDataClass.swift */; };
		994842F7245A27DD009F04AE /* ImageConfiguration+CoreDataProperties.swift in Sources */ = {isa = PBXBuildFile; fileRef = 994842E7245A27DD009F04AE /* ImageConfiguration+CoreDataProperties.swift */; };
		994842F8245A27DD009F04AE /* FavoriteMovies+CoreDataClass.swift in Sources */ = {isa = PBXBuildFile; fileRef = 994842E8245A27DD009F04AE /* FavoriteMovies+CoreDataClass.swift */; };
		994842F9245A27DD009F04AE /* FavoriteMovies+CoreDataProperties.swift in Sources */ = {isa = PBXBuildFile; fileRef = 994842E9245A27DD009F04AE /* FavoriteMovies+CoreDataProperties.swift */; };
		994842FA245A27DD009F04AE /* Movie+CoreDataClass.swift in Sources */ = {isa = PBXBuildFile; fileRef = 994842EA245A27DD009F04AE /* Movie+CoreDataClass.swift */; };
		994842FB245A27DD009F04AE /* Movie+CoreDataProperties.swift in Sources */ = {isa = PBXBuildFile; fileRef = 994842EB245A27DD009F04AE /* Movie+CoreDataProperties.swift */; };
		994842FC245A27DD009F04AE /* FavoriteActors+CoreDataClass.swift in Sources */ = {isa = PBXBuildFile; fileRef = 994842EC245A27DD009F04AE /* FavoriteActors+CoreDataClass.swift */; };
		994842FD245A27DD009F04AE /* FavoriteActors+CoreDataProperties.swift in Sources */ = {isa = PBXBuildFile; fileRef = 994842ED245A27DD009F04AE /* FavoriteActors+CoreDataProperties.swift */; };
		994842FE245A27DD009F04AE /* CastMember+CoreDataClass.swift in Sources */ = {isa = PBXBuildFile; fileRef = 994842EE245A27DD009F04AE /* CastMember+CoreDataClass.swift */; };
		994842FF245A27DD009F04AE /* CastMember+CoreDataProperties.swift in Sources */ = {isa = PBXBuildFile; fileRef = 994842EF245A27DD009F04AE /* CastMember+CoreDataProperties.swift */; };
		99484300245A27DD009F04AE /* Genre+CoreDataClass.swift in Sources */ = {isa = PBXBuildFile; fileRef = 994842F0245A27DD009F04AE /* Genre+CoreDataClass.swift */; };
		99484301245A27DD009F04AE /* Genre+CoreDataProperties.swift in Sources */ = {isa = PBXBuildFile; fileRef = 994842F1245A27DD009F04AE /* Genre+CoreDataProperties.swift */; };
		99484302245A27DD009F04AE /* MovieAdditionalInfo+CoreDataClass.swift in Sources */ = {isa = PBXBuildFile; fileRef = 994842F2245A27DD009F04AE /* MovieAdditionalInfo+CoreDataClass.swift */; };
		99484303245A27DD009F04AE /* MovieAdditionalInfo+CoreDataProperties.swift in Sources */ = {isa = PBXBuildFile; fileRef = 994842F3245A27DD009F04AE /* MovieAdditionalInfo+CoreDataProperties.swift */; };
		99484304245A27DD009F04AE /* MovieCategory+CoreDataClass.swift in Sources */ = {isa = PBXBuildFile; fileRef = 994842F4245A27DD009F04AE /* MovieCategory+CoreDataClass.swift */; };
		99484305245A27DD009F04AE /* MovieCategory+CoreDataProperties.swift in Sources */ = {isa = PBXBuildFile; fileRef = 994842F5245A27DD009F04AE /* MovieCategory+CoreDataProperties.swift */; };
		994E3CFA23FA9C8B0034B4D2 /* MWInterface.swift in Sources */ = {isa = PBXBuildFile; fileRef = 994E3CF923FA9C8B0034B4D2 /* MWInterface.swift */; };
		994E3CFC23FA9D990034B4D2 /* MWNavigationController.swift in Sources */ = {isa = PBXBuildFile; fileRef = 994E3CFB23FA9D990034B4D2 /* MWNavigationController.swift */; };
		994E3D0023FAA0170034B4D2 /* MWSingleMovieInCategoryCell.swift in Sources */ = {isa = PBXBuildFile; fileRef = 994E3CFF23FAA0170034B4D2 /* MWSingleMovieInCategoryCell.swift */; };
		994E3D0323FAA18E0034B4D2 /* MWMovie.swift in Sources */ = {isa = PBXBuildFile; fileRef = 994E3D0223FAA18E0034B4D2 /* MWMovie.swift */; };
		995F405724153868005DC65F /* MWImageConfiguration.swift in Sources */ = {isa = PBXBuildFile; fileRef = 995F405624153868005DC65F /* MWImageConfiguration.swift */; };
		995F405924153DA8005DC65F /* URLPaths.swift in Sources */ = {isa = PBXBuildFile; fileRef = 995F405824153DA8005DC65F /* URLPaths.swift */; };
		996AA821243142A30001B788 /* MWMovieImages.swift in Sources */ = {isa = PBXBuildFile; fileRef = 996AA820243142A30001B788 /* MWMovieImages.swift */; };
		996CB0A324124E2F00200EFE /* Localizable.strings in Resources */ = {isa = PBXBuildFile; fileRef = 996CB0A524124E2F00200EFE /* Localizable.strings */; };
		996F79E3240BEACF006FF3C0 /* MWNetwork+ExUtility.swift in Sources */ = {isa = PBXBuildFile; fileRef = 996F79E1240BEACE006FF3C0 /* MWNetwork+ExUtility.swift */; };
		996F79E4240BEACF006FF3C0 /* String+Ex.swift in Sources */ = {isa = PBXBuildFile; fileRef = 996F79E2240BEACE006FF3C0 /* String+Ex.swift */; };
		996F79E6240BEAE8006FF3C0 /* MWNetwork.swift in Sources */ = {isa = PBXBuildFile; fileRef = 996F79E5240BEAE8006FF3C0 /* MWNetwork.swift */; };
		996F79E8240BEBB4006FF3C0 /* MWNetError.swift in Sources */ = {isa = PBXBuildFile; fileRef = 996F79E7240BEBB4006FF3C0 /* MWNetError.swift */; };
		996F79EA240C0374006FF3C0 /* MWGenre.swift in Sources */ = {isa = PBXBuildFile; fileRef = 996F79E9240C0374006FF3C0 /* MWGenre.swift */; };
		997870E124563E6500CD2ACC /* MWGenresCollectionViewController.swift in Sources */ = {isa = PBXBuildFile; fileRef = 997870E024563E6500CD2ACC /* MWGenresCollectionViewController.swift */; };
		9979B44E23FFC1DB005421D9 /* .gitignore in Resources */ = {isa = PBXBuildFile; fileRef = 9979B44D23FFC1DB005421D9 /* .gitignore */; };
		9979B45523FFC2A5005421D9 /* Colors.xcassets in Resources */ = {isa = PBXBuildFile; fileRef = 9979B45423FFC2A5005421D9 /* Colors.xcassets */; };
		9979B45F23FFC666005421D9 /* MWTabBarViewController.swift in Sources */ = {isa = PBXBuildFile; fileRef = 9979B45E23FFC666005421D9 /* MWTabBarViewController.swift */; };
		9979B46123FFCEF4005421D9 /* MWCategoryViewController.swift in Sources */ = {isa = PBXBuildFile; fileRef = 9979B46023FFCEF4005421D9 /* MWCategoryViewController.swift */; };
		9979B46323FFCF19005421D9 /* MWSearchViewController.swift in Sources */ = {isa = PBXBuildFile; fileRef = 9979B46223FFCF19005421D9 /* MWSearchViewController.swift */; };
		9979B46523FFD0D5005421D9 /* MWViewController.swift in Sources */ = {isa = PBXBuildFile; fileRef = 9979B46423FFD0D5005421D9 /* MWViewController.swift */; };
		997BA63524393893007AA974 /* MWMemberViewController.swift in Sources */ = {isa = PBXBuildFile; fileRef = 997BA63424393893007AA974 /* MWMemberViewController.swift */; };
		997BA63724394767007AA974 /* MWCastMemberView.swift in Sources */ = {isa = PBXBuildFile; fileRef = 997BA63624394767007AA974 /* MWCastMemberView.swift */; };
		9981C573243924940079747B /* MWMemberDetails.swift in Sources */ = {isa = PBXBuildFile; fileRef = 9981C572243924940079747B /* MWMemberDetails.swift */; };
		9983A223243780F200810675 /* MWCrewMemberTableViewCell.swift in Sources */ = {isa = PBXBuildFile; fileRef = 9983A222243780F200810675 /* MWCrewMemberTableViewCell.swift */; };
		99915F88240D254800E39CE0 /* MWSpecialError.swift in Sources */ = {isa = PBXBuildFile; fileRef = 99915F87240D254800E39CE0 /* MWSpecialError.swift */; };
		99937CAA243D52C700054731 /* UIImage + Ex.swift in Sources */ = {isa = PBXBuildFile; fileRef = 99937CA9243D52C700054731 /* UIImage + Ex.swift */; };
		999637A9245A0304004A9E5D /* .swiftlint.yml in Resources */ = {isa = PBXBuildFile; fileRef = 999637A8245A0304004A9E5D /* .swiftlint.yml */; };
		9999E0CF23F9F378007EB718 /* AppDelegate.swift in Sources */ = {isa = PBXBuildFile; fileRef = 9999E0CE23F9F378007EB718 /* AppDelegate.swift */; };
		9999E0D323F9F378007EB718 /* MWMainTabViewController.swift in Sources */ = {isa = PBXBuildFile; fileRef = 9999E0D223F9F378007EB718 /* MWMainTabViewController.swift */; };
		9999E0D823F9F37A007EB718 /* Assets.xcassets in Resources */ = {isa = PBXBuildFile; fileRef = 9999E0D723F9F37A007EB718 /* Assets.xcassets */; };
		9999E0DB23F9F37A007EB718 /* LaunchScreen.storyboard in Resources */ = {isa = PBXBuildFile; fileRef = 9999E0D923F9F37A007EB718 /* LaunchScreen.storyboard */; };
		999E6002241B7B6800F3103F /* MWModel.xcdatamodeld in Sources */ = {isa = PBXBuildFile; fileRef = 999E6000241B7B6800F3103F /* MWModel.xcdatamodeld */; };
		999E6004241B7B7500F3103F /* CoreDataManager.swift in Sources */ = {isa = PBXBuildFile; fileRef = 999E6003241B7B7500F3103F /* CoreDataManager.swift */; };
		99AA6E01242254820087BB44 /* MWSingleCategoryViewController.swift in Sources */ = {isa = PBXBuildFile; fileRef = 99AA6E00242254820087BB44 /* MWSingleCategoryViewController.swift */; };
		99AB2D7E2431E90200095464 /* MWMovieGalleryCollectionViewCell.swift in Sources */ = {isa = PBXBuildFile; fileRef = 99AB2D7D2431E90200095464 /* MWMovieGalleryCollectionViewCell.swift */; };
		99AB2D8124321D1700095464 /* MWMovieGallery.swift in Sources */ = {isa = PBXBuildFile; fileRef = 99AB2D8024321D1700095464 /* MWMovieGallery.swift */; };
		99AB2D832433EB1200095464 /* MWTitleButtonView.swift in Sources */ = {isa = PBXBuildFile; fileRef = 99AB2D822433EB1200095464 /* MWTitleButtonView.swift */; };
		99AB2D902437682500095464 /* MWCastViewController.swift in Sources */ = {isa = PBXBuildFile; fileRef = 99AB2D8F2437682500095464 /* MWCastViewController.swift */; };
		99AB2D922437714C00095464 /* MWCastMemberTableViewCell.swift in Sources */ = {isa = PBXBuildFile; fileRef = 99AB2D912437714C00095464 /* MWCastMemberTableViewCell.swift */; };
		99B481F82439501200017903 /* Date+Ex.swift in Sources */ = {isa = PBXBuildFile; fileRef = 99B481F72439501200017903 /* Date+Ex.swift */; };
		99BAE46A241194AD00F45B11 /* MWInitController.swift in Sources */ = {isa = PBXBuildFile; fileRef = 99BAE469241194AD00F45B11 /* MWInitController.swift */; };
		99BAE46C2411A22600F45B11 /* MWSystem.swift in Sources */ = {isa = PBXBuildFile; fileRef = 99BAE46B2411A22600F45B11 /* MWSystem.swift */; };
		99BAE46E2411A6DC00F45B11 /* MWConfiguration.swift in Sources */ = {isa = PBXBuildFile; fileRef = 99BAE46D2411A6DC00F45B11 /* MWConfiguration.swift */; };
		99CC6DBF242E30180078B63C /* MWSingleMovieView.swift in Sources */ = {isa = PBXBuildFile; fileRef = 99CC6DBE242E30180078B63C /* MWSingleMovieView.swift */; };
		99CAD4502450E8F700E88BBD /* MWFilterViewController.swift in Sources */ = {isa = PBXBuildFile; fileRef = 99CAD44F2450E8F700E88BBD /* MWFilterViewController.swift */; };
		99CAD4522450F22900E88BBD /* MWLanguageConfiguration.swift in Sources */ = {isa = PBXBuildFile; fileRef = 99CAD4512450F22900E88BBD /* MWLanguageConfiguration.swift */; };
		99CAD4542450F65900E88BBD /* FilterCountryViewController.swift in Sources */ = {isa = PBXBuildFile; fileRef = 99CAD4532450F65900E88BBD /* FilterCountryViewController.swift */; };
		99CAD4562451007600E88BBD /* MWCountryFilterTableViewCell.swift in Sources */ = {isa = PBXBuildFile; fileRef = 99CAD4552451007600E88BBD /* MWCountryFilterTableViewCell.swift */; };
		99DAFEDF2443CBF200C74F8A /* MWFavoriteMoviesViewController.swift in Sources */ = {isa = PBXBuildFile; fileRef = 99DAFEDE2443CBF200C74F8A /* MWFavoriteMoviesViewController.swift */; };
		99F15296244C9B1E008A1923 /* MWGroupsCollectionViewLayout.swift in Sources */ = {isa = PBXBuildFile; fileRef = 99F15295244C9B1E008A1923 /* MWGroupsCollectionViewLayout.swift */; };
		99F1529A244D039E008A1923 /* MWCategories.swift in Sources */ = {isa = PBXBuildFile; fileRef = 99F15299244D039E008A1923 /* MWCategories.swift */; };
		99F2A4E724436666000910F8 /* MWProfileViewController.swift in Sources */ = {isa = PBXBuildFile; fileRef = 99F2A4E624436666000910F8 /* MWProfileViewController.swift */; };
		99F4CD4C24523C3200E059A7 /* MWLabelsWithArrowView.swift in Sources */ = {isa = PBXBuildFile; fileRef = 99F4CD4B24523C3200E059A7 /* MWLabelsWithArrowView.swift */; };
		99FB969A242389CB00812329 /* MWImageLoadingHelper.swift in Sources */ = {isa = PBXBuildFile; fileRef = 99FB9699242389CB00812329 /* MWImageLoadingHelper.swift */; };
		EA7F3466F643D84D46128BE3 /* Pods_MovieWorld.framework in Frameworks */ = {isa = PBXBuildFile; fileRef = C871CBC05AFA2A873B51B459 /* Pods_MovieWorld.framework */; };
/* End PBXBuildFile section */

/* Begin PBXFileReference section */
		0BE71B7BC15D4D1921BA2AA9 /* Pods-MovieWorld.debug.xcconfig */ = {isa = PBXFileReference; includeInIndex = 1; lastKnownFileType = text.xcconfig; name = "Pods-MovieWorld.debug.xcconfig"; path = "Target Support Files/Pods-MovieWorld/Pods-MovieWorld.debug.xcconfig"; sourceTree = "<group>"; };
		4EA3DE178F6AFCF3BA8474BC /* Pods-MovieWorld.release.xcconfig */ = {isa = PBXFileReference; includeInIndex = 1; lastKnownFileType = text.xcconfig; name = "Pods-MovieWorld.release.xcconfig"; path = "Target Support Files/Pods-MovieWorld/Pods-MovieWorld.release.xcconfig"; sourceTree = "<group>"; };
		990066A02445342D0015C351 /* MWFavoriteActorsViewController.swift */ = {isa = PBXFileReference; lastKnownFileType = sourcecode.swift; path = MWFavoriteActorsViewController.swift; sourceTree = "<group>"; };
		991420CE243A0FAB00A11F49 /* MWPersonMovies.swift */ = {isa = PBXFileReference; lastKnownFileType = sourcecode.swift; path = MWPersonMovies.swift; sourceTree = "<group>"; };
		992A1D66242AA61E00D61D65 /* MWMovieCast.swift */ = {isa = PBXFileReference; lastKnownFileType = sourcecode.swift; path = MWMovieCast.swift; sourceTree = "<group>"; };
		992A1D68242AB81600D61D65 /* Notification + Ex.swift */ = {isa = PBXFileReference; lastKnownFileType = sourcecode.swift; path = "Notification + Ex.swift"; sourceTree = "<group>"; };
		992A1D6A242AC43200D61D65 /* MWCastMemberCollectionViewCell.swift */ = {isa = PBXFileReference; lastKnownFileType = sourcecode.swift; path = MWCastMemberCollectionViewCell.swift; sourceTree = "<group>"; };
		992A1D6C242C053C00D61D65 /* MWMovieAdditionalInfo.swift */ = {isa = PBXFileReference; lastKnownFileType = sourcecode.swift; path = MWMovieAdditionalInfo.swift; sourceTree = "<group>"; };
		992CF936240549E200301BC5 /* MWMainTableViewCell.swift */ = {isa = PBXFileReference; lastKnownFileType = sourcecode.swift; path = MWMainTableViewCell.swift; sourceTree = "<group>"; };
		992CF93824054B3A00301BC5 /* MWCustomButton.swift */ = {isa = PBXFileReference; lastKnownFileType = sourcecode.swift; path = MWCustomButton.swift; sourceTree = "<group>"; };
		992CF93A240687B700301BC5 /* MWMainCollectionViewCell.swift */ = {isa = PBXFileReference; lastKnownFileType = sourcecode.swift; path = MWMainCollectionViewCell.swift; sourceTree = "<group>"; };
		992DB7D02428CD700047D438 /* MWSingleMovieViewController.swift */ = {isa = PBXFileReference; lastKnownFileType = sourcecode.swift; path = MWSingleMovieViewController.swift; sourceTree = "<group>"; };
		992DB7D22428D8920047D438 /* MWMovieVideo.swift */ = {isa = PBXFileReference; lastKnownFileType = sourcecode.swift; path = MWMovieVideo.swift; sourceTree = "<group>"; };
		993D6DC22447C423000F5180 /* UINavigationController + ex.swift */ = {isa = PBXFileReference; lastKnownFileType = sourcecode.swift; path = "UINavigationController + ex.swift"; sourceTree = "<group>"; };
		9941EAB72424F2CF00E0CFE6 /* MWGenreCollectionViewCell.swift */ = {isa = PBXFileReference; lastKnownFileType = sourcecode.swift; path = MWGenreCollectionViewCell.swift; sourceTree = "<group>"; };
		9944CFBC24475F3F00C783CD /* MasterFavoriteViewController.swift */ = {isa = PBXFileReference; lastKnownFileType = sourcecode.swift; path = MasterFavoriteViewController.swift; sourceTree = "<group>"; };
		994842E6245A27DD009F04AE /* ImageConfiguration+CoreDataClass.swift */ = {isa = PBXFileReference; lastKnownFileType = sourcecode.swift; path = "ImageConfiguration+CoreDataClass.swift"; sourceTree = "<group>"; };
		994842E7245A27DD009F04AE /* ImageConfiguration+CoreDataProperties.swift */ = {isa = PBXFileReference; lastKnownFileType = sourcecode.swift; path = "ImageConfiguration+CoreDataProperties.swift"; sourceTree = "<group>"; };
		994842E8245A27DD009F04AE /* FavoriteMovies+CoreDataClass.swift */ = {isa = PBXFileReference; lastKnownFileType = sourcecode.swift; path = "FavoriteMovies+CoreDataClass.swift"; sourceTree = "<group>"; };
		994842E9245A27DD009F04AE /* FavoriteMovies+CoreDataProperties.swift */ = {isa = PBXFileReference; lastKnownFileType = sourcecode.swift; path = "FavoriteMovies+CoreDataProperties.swift"; sourceTree = "<group>"; };
		994842EA245A27DD009F04AE /* Movie+CoreDataClass.swift */ = {isa = PBXFileReference; lastKnownFileType = sourcecode.swift; path = "Movie+CoreDataClass.swift"; sourceTree = "<group>"; };
		994842EB245A27DD009F04AE /* Movie+CoreDataProperties.swift */ = {isa = PBXFileReference; lastKnownFileType = sourcecode.swift; path = "Movie+CoreDataProperties.swift"; sourceTree = "<group>"; };
		994842EC245A27DD009F04AE /* FavoriteActors+CoreDataClass.swift */ = {isa = PBXFileReference; lastKnownFileType = sourcecode.swift; path = "FavoriteActors+CoreDataClass.swift"; sourceTree = "<group>"; };
		994842ED245A27DD009F04AE /* FavoriteActors+CoreDataProperties.swift */ = {isa = PBXFileReference; lastKnownFileType = sourcecode.swift; path = "FavoriteActors+CoreDataProperties.swift"; sourceTree = "<group>"; };
		994842EE245A27DD009F04AE /* CastMember+CoreDataClass.swift */ = {isa = PBXFileReference; lastKnownFileType = sourcecode.swift; path = "CastMember+CoreDataClass.swift"; sourceTree = "<group>"; };
		994842EF245A27DD009F04AE /* CastMember+CoreDataProperties.swift */ = {isa = PBXFileReference; lastKnownFileType = sourcecode.swift; path = "CastMember+CoreDataProperties.swift"; sourceTree = "<group>"; };
		994842F0245A27DD009F04AE /* Genre+CoreDataClass.swift */ = {isa = PBXFileReference; lastKnownFileType = sourcecode.swift; path = "Genre+CoreDataClass.swift"; sourceTree = "<group>"; };
		994842F1245A27DD009F04AE /* Genre+CoreDataProperties.swift */ = {isa = PBXFileReference; lastKnownFileType = sourcecode.swift; path = "Genre+CoreDataProperties.swift"; sourceTree = "<group>"; };
		994842F2245A27DD009F04AE /* MovieAdditionalInfo+CoreDataClass.swift */ = {isa = PBXFileReference; lastKnownFileType = sourcecode.swift; path = "MovieAdditionalInfo+CoreDataClass.swift"; sourceTree = "<group>"; };
		994842F3245A27DD009F04AE /* MovieAdditionalInfo+CoreDataProperties.swift */ = {isa = PBXFileReference; lastKnownFileType = sourcecode.swift; path = "MovieAdditionalInfo+CoreDataProperties.swift"; sourceTree = "<group>"; };
		994842F4245A27DD009F04AE /* MovieCategory+CoreDataClass.swift */ = {isa = PBXFileReference; lastKnownFileType = sourcecode.swift; path = "MovieCategory+CoreDataClass.swift"; sourceTree = "<group>"; };
		994842F5245A27DD009F04AE /* MovieCategory+CoreDataProperties.swift */ = {isa = PBXFileReference; lastKnownFileType = sourcecode.swift; path = "MovieCategory+CoreDataProperties.swift"; sourceTree = "<group>"; };
		994E3CF923FA9C8B0034B4D2 /* MWInterface.swift */ = {isa = PBXFileReference; lastKnownFileType = sourcecode.swift; path = MWInterface.swift; sourceTree = "<group>"; };
		994E3CFB23FA9D990034B4D2 /* MWNavigationController.swift */ = {isa = PBXFileReference; lastKnownFileType = sourcecode.swift; path = MWNavigationController.swift; sourceTree = "<group>"; };
		994E3CFF23FAA0170034B4D2 /* MWSingleMovieInCategoryCell.swift */ = {isa = PBXFileReference; lastKnownFileType = sourcecode.swift; path = MWSingleMovieInCategoryCell.swift; sourceTree = "<group>"; };
		994E3D0223FAA18E0034B4D2 /* MWMovie.swift */ = {isa = PBXFileReference; lastKnownFileType = sourcecode.swift; path = MWMovie.swift; sourceTree = "<group>"; };
		995F405624153868005DC65F /* MWImageConfiguration.swift */ = {isa = PBXFileReference; lastKnownFileType = sourcecode.swift; path = MWImageConfiguration.swift; sourceTree = "<group>"; };
		995F405824153DA8005DC65F /* URLPaths.swift */ = {isa = PBXFileReference; lastKnownFileType = sourcecode.swift; path = URLPaths.swift; sourceTree = "<group>"; };
		996AA820243142A30001B788 /* MWMovieImages.swift */ = {isa = PBXFileReference; lastKnownFileType = sourcecode.swift; path = MWMovieImages.swift; sourceTree = "<group>"; };
		996CB0932412472500200EFE /* ru */ = {isa = PBXFileReference; lastKnownFileType = text.plist.strings; name = ru; path = ru.lproj/LaunchScreen.strings; sourceTree = "<group>"; };
		996CB0A424124E2F00200EFE /* en */ = {isa = PBXFileReference; lastKnownFileType = text.plist.strings; name = en; path = en.lproj/Localizable.strings; sourceTree = "<group>"; };
		996CB0A624124E3000200EFE /* ru */ = {isa = PBXFileReference; lastKnownFileType = text.plist.strings; name = ru; path = ru.lproj/Localizable.strings; sourceTree = "<group>"; };
		996F79E1240BEACE006FF3C0 /* MWNetwork+ExUtility.swift */ = {isa = PBXFileReference; fileEncoding = 4; lastKnownFileType = sourcecode.swift; name = "MWNetwork+ExUtility.swift"; path = "../../../../Downloads/MWNetwork+ExUtility.swift"; sourceTree = "<group>"; };
		996F79E2240BEACE006FF3C0 /* String+Ex.swift */ = {isa = PBXFileReference; fileEncoding = 4; lastKnownFileType = sourcecode.swift; name = "String+Ex.swift"; path = "../../../../Downloads/String+Ex.swift"; sourceTree = "<group>"; };
		996F79E5240BEAE8006FF3C0 /* MWNetwork.swift */ = {isa = PBXFileReference; lastKnownFileType = sourcecode.swift; path = MWNetwork.swift; sourceTree = "<group>"; };
		996F79E7240BEBB4006FF3C0 /* MWNetError.swift */ = {isa = PBXFileReference; lastKnownFileType = sourcecode.swift; path = MWNetError.swift; sourceTree = "<group>"; };
		996F79E9240C0374006FF3C0 /* MWGenre.swift */ = {isa = PBXFileReference; lastKnownFileType = sourcecode.swift; path = MWGenre.swift; sourceTree = "<group>"; };
		997870E024563E6500CD2ACC /* MWGenresCollectionViewController.swift */ = {isa = PBXFileReference; lastKnownFileType = sourcecode.swift; path = MWGenresCollectionViewController.swift; sourceTree = "<group>"; };
		9979B44D23FFC1DB005421D9 /* .gitignore */ = {isa = PBXFileReference; fileEncoding = 4; lastKnownFileType = text; name = .gitignore; path = ../../../Downloads/.gitignore; sourceTree = "<group>"; };
		9979B45423FFC2A5005421D9 /* Colors.xcassets */ = {isa = PBXFileReference; lastKnownFileType = folder.assetcatalog; path = Colors.xcassets; sourceTree = "<group>"; };
		9979B45E23FFC666005421D9 /* MWTabBarViewController.swift */ = {isa = PBXFileReference; lastKnownFileType = sourcecode.swift; path = MWTabBarViewController.swift; sourceTree = "<group>"; };
		9979B46023FFCEF4005421D9 /* MWCategoryViewController.swift */ = {isa = PBXFileReference; lastKnownFileType = sourcecode.swift; path = MWCategoryViewController.swift; sourceTree = "<group>"; };
		9979B46223FFCF19005421D9 /* MWSearchViewController.swift */ = {isa = PBXFileReference; lastKnownFileType = sourcecode.swift; path = MWSearchViewController.swift; sourceTree = "<group>"; };
		9979B46423FFD0D5005421D9 /* MWViewController.swift */ = {isa = PBXFileReference; lastKnownFileType = sourcecode.swift; path = MWViewController.swift; sourceTree = "<group>"; };
		997BA63424393893007AA974 /* MWMemberViewController.swift */ = {isa = PBXFileReference; lastKnownFileType = sourcecode.swift; path = MWMemberViewController.swift; sourceTree = "<group>"; };
		997BA63624394767007AA974 /* MWCastMemberView.swift */ = {isa = PBXFileReference; lastKnownFileType = sourcecode.swift; path = MWCastMemberView.swift; sourceTree = "<group>"; };
		9981C572243924940079747B /* MWMemberDetails.swift */ = {isa = PBXFileReference; lastKnownFileType = sourcecode.swift; path = MWMemberDetails.swift; sourceTree = "<group>"; };
		9983A222243780F200810675 /* MWCrewMemberTableViewCell.swift */ = {isa = PBXFileReference; lastKnownFileType = sourcecode.swift; path = MWCrewMemberTableViewCell.swift; sourceTree = "<group>"; };
		99915F87240D254800E39CE0 /* MWSpecialError.swift */ = {isa = PBXFileReference; lastKnownFileType = sourcecode.swift; path = MWSpecialError.swift; sourceTree = "<group>"; };
		99937CA9243D52C700054731 /* UIImage + Ex.swift */ = {isa = PBXFileReference; lastKnownFileType = sourcecode.swift; path = "UIImage + Ex.swift"; sourceTree = "<group>"; };
		999637A8245A0304004A9E5D /* .swiftlint.yml */ = {isa = PBXFileReference; fileEncoding = 4; lastKnownFileType = text.yaml; name = .swiftlint.yml; path = ../../Downloads/.swiftlint.yml; sourceTree = "<group>"; };
		9999E0CB23F9F378007EB718 /* MovieWorld.app */ = {isa = PBXFileReference; explicitFileType = wrapper.application; includeInIndex = 0; path = MovieWorld.app; sourceTree = BUILT_PRODUCTS_DIR; };
		9999E0CE23F9F378007EB718 /* AppDelegate.swift */ = {isa = PBXFileReference; lastKnownFileType = sourcecode.swift; path = AppDelegate.swift; sourceTree = "<group>"; };
		9999E0D223F9F378007EB718 /* MWMainTabViewController.swift */ = {isa = PBXFileReference; lastKnownFileType = sourcecode.swift; path = MWMainTabViewController.swift; sourceTree = "<group>"; };
		9999E0D723F9F37A007EB718 /* Assets.xcassets */ = {isa = PBXFileReference; lastKnownFileType = folder.assetcatalog; path = Assets.xcassets; sourceTree = "<group>"; };
		9999E0DA23F9F37A007EB718 /* Base */ = {isa = PBXFileReference; lastKnownFileType = file.storyboard; name = Base; path = Base.lproj/LaunchScreen.storyboard; sourceTree = "<group>"; };
		9999E0DC23F9F37A007EB718 /* Info.plist */ = {isa = PBXFileReference; lastKnownFileType = text.plist.xml; path = Info.plist; sourceTree = "<group>"; };
		999E6001241B7B6800F3103F /* MWModel.xcdatamodel */ = {isa = PBXFileReference; lastKnownFileType = wrapper.xcdatamodel; path = MWModel.xcdatamodel; sourceTree = "<group>"; };
		999E6003241B7B7500F3103F /* CoreDataManager.swift */ = {isa = PBXFileReference; fileEncoding = 4; lastKnownFileType = sourcecode.swift; name = CoreDataManager.swift; path = ../../../../Downloads/CourceCoreData/CourceCoreData/CoreData/CoreDataManager.swift; sourceTree = "<group>"; };
		99AA6E00242254820087BB44 /* MWSingleCategoryViewController.swift */ = {isa = PBXFileReference; lastKnownFileType = sourcecode.swift; path = MWSingleCategoryViewController.swift; sourceTree = "<group>"; };
		99AB2D7D2431E90200095464 /* MWMovieGalleryCollectionViewCell.swift */ = {isa = PBXFileReference; lastKnownFileType = sourcecode.swift; path = MWMovieGalleryCollectionViewCell.swift; sourceTree = "<group>"; };
		99AB2D8024321D1700095464 /* MWMovieGallery.swift */ = {isa = PBXFileReference; lastKnownFileType = sourcecode.swift; path = MWMovieGallery.swift; sourceTree = "<group>"; };
		99AB2D822433EB1200095464 /* MWTitleButtonView.swift */ = {isa = PBXFileReference; lastKnownFileType = sourcecode.swift; path = MWTitleButtonView.swift; sourceTree = "<group>"; };
		99AB2D8F2437682500095464 /* MWCastViewController.swift */ = {isa = PBXFileReference; lastKnownFileType = sourcecode.swift; path = MWCastViewController.swift; sourceTree = "<group>"; };
		99AB2D912437714C00095464 /* MWCastMemberTableViewCell.swift */ = {isa = PBXFileReference; lastKnownFileType = sourcecode.swift; path = MWCastMemberTableViewCell.swift; sourceTree = "<group>"; };
		99B481F72439501200017903 /* Date+Ex.swift */ = {isa = PBXFileReference; lastKnownFileType = sourcecode.swift; path = "Date+Ex.swift"; sourceTree = "<group>"; };
		99BAE469241194AD00F45B11 /* MWInitController.swift */ = {isa = PBXFileReference; lastKnownFileType = sourcecode.swift; path = MWInitController.swift; sourceTree = "<group>"; };
		99BAE46B2411A22600F45B11 /* MWSystem.swift */ = {isa = PBXFileReference; lastKnownFileType = sourcecode.swift; path = MWSystem.swift; sourceTree = "<group>"; };
		99BAE46D2411A6DC00F45B11 /* MWConfiguration.swift */ = {isa = PBXFileReference; lastKnownFileType = sourcecode.swift; path = MWConfiguration.swift; sourceTree = "<group>"; };
		99CC6DBE242E30180078B63C /* MWSingleMovieView.swift */ = {isa = PBXFileReference; lastKnownFileType = sourcecode.swift; path = MWSingleMovieView.swift; sourceTree = "<group>"; };
		99CAD44F2450E8F700E88BBD /* MWFilterViewController.swift */ = {isa = PBXFileReference; lastKnownFileType = sourcecode.swift; path = MWFilterViewController.swift; sourceTree = "<group>"; };
		99CAD4512450F22900E88BBD /* MWLanguageConfiguration.swift */ = {isa = PBXFileReference; lastKnownFileType = sourcecode.swift; path = MWLanguageConfiguration.swift; sourceTree = "<group>"; };
		99CAD4532450F65900E88BBD /* FilterCountryViewController.swift */ = {isa = PBXFileReference; lastKnownFileType = sourcecode.swift; path = FilterCountryViewController.swift; sourceTree = "<group>"; };
		99CAD4552451007600E88BBD /* MWCountryFilterTableViewCell.swift */ = {isa = PBXFileReference; lastKnownFileType = sourcecode.swift; path = MWCountryFilterTableViewCell.swift; sourceTree = "<group>"; };
		99DAFEDE2443CBF200C74F8A /* MWFavoriteMoviesViewController.swift */ = {isa = PBXFileReference; lastKnownFileType = sourcecode.swift; path = MWFavoriteMoviesViewController.swift; sourceTree = "<group>"; };
		99F15295244C9B1E008A1923 /* MWGroupsCollectionViewLayout.swift */ = {isa = PBXFileReference; lastKnownFileType = sourcecode.swift; path = MWGroupsCollectionViewLayout.swift; sourceTree = "<group>"; };
		99F15299244D039E008A1923 /* MWCategories.swift */ = {isa = PBXFileReference; lastKnownFileType = sourcecode.swift; path = MWCategories.swift; sourceTree = "<group>"; };
		99F2A4E624436666000910F8 /* MWProfileViewController.swift */ = {isa = PBXFileReference; lastKnownFileType = sourcecode.swift; path = MWProfileViewController.swift; sourceTree = "<group>"; };
		99F4CD4B24523C3200E059A7 /* MWLabelsWithArrowView.swift */ = {isa = PBXFileReference; lastKnownFileType = sourcecode.swift; path = MWLabelsWithArrowView.swift; sourceTree = "<group>"; };
		99FB9699242389CB00812329 /* MWImageLoadingHelper.swift */ = {isa = PBXFileReference; lastKnownFileType = sourcecode.swift; path = MWImageLoadingHelper.swift; sourceTree = "<group>"; };
		C871CBC05AFA2A873B51B459 /* Pods_MovieWorld.framework */ = {isa = PBXFileReference; explicitFileType = wrapper.framework; includeInIndex = 0; path = Pods_MovieWorld.framework; sourceTree = BUILT_PRODUCTS_DIR; };
/* End PBXFileReference section */

/* Begin PBXFrameworksBuildPhase section */
		9999E0C823F9F378007EB718 /* Frameworks */ = {
			isa = PBXFrameworksBuildPhase;
			buildActionMask = 2147483647;
			files = (
				EA7F3466F643D84D46128BE3 /* Pods_MovieWorld.framework in Frameworks */,
			);
			runOnlyForDeploymentPostprocessing = 0;
		};
/* End PBXFrameworksBuildPhase section */

/* Begin PBXGroup section */
		2139BEA7B03B0F53D918779C /* Pods */ = {
			isa = PBXGroup;
			children = (
				0BE71B7BC15D4D1921BA2AA9 /* Pods-MovieWorld.debug.xcconfig */,
				4EA3DE178F6AFCF3BA8474BC /* Pods-MovieWorld.release.xcconfig */,
			);
			path = Pods;
			sourceTree = "<group>";
		};
		992A1D65242AA50300D61D65 /* Models */ = {
			isa = PBXGroup;
			children = (
				992DB7D22428D8920047D438 /* MWMovieVideo.swift */,
				996F79E9240C0374006FF3C0 /* MWGenre.swift */,
				99BAE46B2411A22600F45B11 /* MWSystem.swift */,
				99BAE46D2411A6DC00F45B11 /* MWConfiguration.swift */,
				995F405624153868005DC65F /* MWImageConfiguration.swift */,
				992A1D66242AA61E00D61D65 /* MWMovieCast.swift */,
				992A1D6C242C053C00D61D65 /* MWMovieAdditionalInfo.swift */,
				996AA820243142A30001B788 /* MWMovieImages.swift */,
				9981C572243924940079747B /* MWMemberDetails.swift */,
				994E3D0223FAA18E0034B4D2 /* MWMovie.swift */,
				991420CE243A0FAB00A11F49 /* MWPersonMovies.swift */,
				99CAD4512450F22900E88BBD /* MWLanguageConfiguration.swift */,
			);
			path = Models;
			sourceTree = "<group>";
		};
		992CF9342405498C00301BC5 /* Views */ = {
			isa = PBXGroup;
			children = (
			);
			path = Views;
			sourceTree = "<group>";
		};
		992CF935240549C700301BC5 /* Cells */ = {
			isa = PBXGroup;
			children = (
				992CF936240549E200301BC5 /* MWMainTableViewCell.swift */,
				992CF93A240687B700301BC5 /* MWMainCollectionViewCell.swift */,
			);
			path = Cells;
			sourceTree = "<group>";
		};
		992DB7CD2428CD2C0047D438 /* SingleMovie */ = {
			isa = PBXGroup;
			children = (
				99AB2D7F24321D0500095464 /* Model */,
				992DB7CF2428CD4C0047D438 /* Cells */,
				992DB7CE2428CD3A0047D438 /* Controllers */,
			);
			path = SingleMovie;
			sourceTree = "<group>";
		};
		992DB7CE2428CD3A0047D438 /* Controllers */ = {
			isa = PBXGroup;
			children = (
				992DB7D02428CD700047D438 /* MWSingleMovieViewController.swift */,
			);
			path = Controllers;
			sourceTree = "<group>";
		};
		992DB7CF2428CD4C0047D438 /* Cells */ = {
			isa = PBXGroup;
			children = (
				992A1D6A242AC43200D61D65 /* MWCastMemberCollectionViewCell.swift */,
				99AB2D7D2431E90200095464 /* MWMovieGalleryCollectionViewCell.swift */,
			);
			path = Cells;
			sourceTree = "<group>";
		};
		994E3CFD23FA9FE10034B4D2 /* Controllers */ = {
			isa = PBXGroup;
			children = (
				9999E0D223F9F378007EB718 /* MWMainTabViewController.swift */,
			);
			path = Controllers;
			sourceTree = "<group>";
		};
		994E3CFE23FA9FEA0034B4D2 /* Views */ = {
			isa = PBXGroup;
			children = (
			);
			path = Views;
			sourceTree = "<group>";
		};
		994E3D0123FAA1780034B4D2 /* Models */ = {
			isa = PBXGroup;
			children = (
			);
			path = Models;
			sourceTree = "<group>";
		};
		996CB0942412473900200EFE /* Localisation */ = {
			isa = PBXGroup;
			children = (
				996CB0A524124E2F00200EFE /* Localizable.strings */,
			);
			path = Localisation;
			sourceTree = "<group>";
		};
		997870E2245645FA00CD2ACC /* GenresCollectionView */ = {
			isa = PBXGroup;
			children = (
				99F15294244C9AE0008A1923 /* Layouts */,
				997870E42456460B00CD2ACC /* Controllers */,
				997870E32456460400CD2ACC /* Cells */,
			);
			path = GenresCollectionView;
			sourceTree = "<group>";
		};
		997870E32456460400CD2ACC /* Cells */ = {
			isa = PBXGroup;
			children = (
				9941EAB72424F2CF00E0CFE6 /* MWGenreCollectionViewCell.swift */,
			);
			path = Cells;
			sourceTree = "<group>";
		};
		997870E42456460B00CD2ACC /* Controllers */ = {
			isa = PBXGroup;
			children = (
				997870E024563E6500CD2ACC /* MWGenresCollectionViewController.swift */,
			);
			path = Controllers;
			sourceTree = "<group>";
		};
		9979B44F23FFC1F2005421D9 /* Common */ = {
			isa = PBXGroup;
			children = (
				992A1D65242AA50300D61D65 /* Models */,
				99C5C13824091B6F003935F2 /* Network */,
				9979B45623FFC2E4005421D9 /* Navigation */,
				9979B45723FFC2EE005421D9 /* Controllers */,
				9979B45823FFC2F8005421D9 /* Controls */,
			);
			path = Common;
			sourceTree = "<group>";
		};
		9979B45023FFC20C005421D9 /* Features */ = {
			isa = PBXGroup;
			children = (
				997870E2245645FA00CD2ACC /* GenresCollectionView */,
				997BA6312439385B007AA974 /* Member */,
				99AB2D8C243767E200095464 /* Cast */,
				992DB7CD2428CD2C0047D438 /* SingleMovie */,
				99F1765A2424240500969F1D /* SingleCategory */,
				9979B45B23FFC322005421D9 /* Main */,
				9979B45A23FFC319005421D9 /* Category */,
				9979B45923FFC311005421D9 /* Search */,
				99F2A4E5244365FE000910F8 /* Profile */,
			);
			path = Features;
			sourceTree = "<group>";
		};
		9979B45123FFC220005421D9 /* Utility */ = {
			isa = PBXGroup;
			children = (
			);
			path = Utility;
			sourceTree = "<group>";
		};
		9979B45223FFC229005421D9 /* Extensions */ = {
			isa = PBXGroup;
			children = (
				996F79E1240BEACE006FF3C0 /* MWNetwork+ExUtility.swift */,
				996F79E2240BEACE006FF3C0 /* String+Ex.swift */,
				992A1D68242AB81600D61D65 /* Notification + Ex.swift */,
				99B481F72439501200017903 /* Date+Ex.swift */,
				99937CA9243D52C700054731 /* UIImage + Ex.swift */,
				993D6DC22447C423000F5180 /* UINavigationController + ex.swift */,
			);
			path = Extensions;
			sourceTree = "<group>";
		};
		9979B45323FFC243005421D9 /* Resourses */ = {
			isa = PBXGroup;
			children = (
				996CB0942412473900200EFE /* Localisation */,
				9999E0D723F9F37A007EB718 /* Assets.xcassets */,
				9979B45423FFC2A5005421D9 /* Colors.xcassets */,
				9999E0D923F9F37A007EB718 /* LaunchScreen.storyboard */,
			);
			path = Resourses;
			sourceTree = "<group>";
		};
		9979B45623FFC2E4005421D9 /* Navigation */ = {
			isa = PBXGroup;
			children = (
				994E3CF923FA9C8B0034B4D2 /* MWInterface.swift */,
			);
			path = Navigation;
			sourceTree = "<group>";
		};
		9979B45723FFC2EE005421D9 /* Controllers */ = {
			isa = PBXGroup;
			children = (
				994E3CFB23FA9D990034B4D2 /* MWNavigationController.swift */,
				9979B45E23FFC666005421D9 /* MWTabBarViewController.swift */,
				9979B46423FFD0D5005421D9 /* MWViewController.swift */,
				99BAE469241194AD00F45B11 /* MWInitController.swift */,
			);
			path = Controllers;
			sourceTree = "<group>";
		};
		9979B45823FFC2F8005421D9 /* Controls */ = {
			isa = PBXGroup;
			children = (
				992CF93824054B3A00301BC5 /* MWCustomButton.swift */,
				99CC6DBE242E30180078B63C /* MWSingleMovieView.swift */,
				99AB2D822433EB1200095464 /* MWTitleButtonView.swift */,
				99F4CD4B24523C3200E059A7 /* MWLabelsWithArrowView.swift */,
			);
			path = Controls;
			sourceTree = "<group>";
		};
		9979B45923FFC311005421D9 /* Search */ = {
			isa = PBXGroup;
			children = (
				99CAD457245100E500E88BBD /* Cells */,
				9979B45C23FFC3D3005421D9 /* Controllers */,
			);
			path = Search;
			sourceTree = "<group>";
		};
		9979B45A23FFC319005421D9 /* Category */ = {
			isa = PBXGroup;
			children = (
				992CF9342405498C00301BC5 /* Views */,
				9979B45D23FFC3DE005421D9 /* Controllers */,
			);
			path = Category;
			sourceTree = "<group>";
		};
		9979B45B23FFC322005421D9 /* Main */ = {
			isa = PBXGroup;
			children = (
				99F1529B244D03AC008A1923 /* Controls */,
				992CF935240549C700301BC5 /* Cells */,
				994E3D0123FAA1780034B4D2 /* Models */,
				994E3CFD23FA9FE10034B4D2 /* Controllers */,
				994E3CFE23FA9FEA0034B4D2 /* Views */,
			);
			path = Main;
			sourceTree = "<group>";
		};
		9979B45C23FFC3D3005421D9 /* Controllers */ = {
			isa = PBXGroup;
			children = (
				9979B46223FFCF19005421D9 /* MWSearchViewController.swift */,
				99CAD44F2450E8F700E88BBD /* MWFilterViewController.swift */,
				99CAD4532450F65900E88BBD /* FilterCountryViewController.swift */,
			);
			path = Controllers;
			sourceTree = "<group>";
		};
		9979B45D23FFC3DE005421D9 /* Controllers */ = {
			isa = PBXGroup;
			children = (
				9979B46023FFCEF4005421D9 /* MWCategoryViewController.swift */,
			);
			path = Controllers;
			sourceTree = "<group>";
		};
		997BA6312439385B007AA974 /* Member */ = {
			isa = PBXGroup;
			children = (
				997BA63324393873007AA974 /* Controllers */,
				997BA6322439386D007AA974 /* Cells */,
			);
			path = Member;
			sourceTree = "<group>";
		};
		997BA6322439386D007AA974 /* Cells */ = {
			isa = PBXGroup;
			children = (
			);
			path = Cells;
			sourceTree = "<group>";
		};
		997BA63324393873007AA974 /* Controllers */ = {
			isa = PBXGroup;
			children = (
				997BA63424393893007AA974 /* MWMemberViewController.swift */,
			);
			path = Controllers;
			sourceTree = "<group>";
		};
		997BA6382439477A007AA974 /* Views */ = {
			isa = PBXGroup;
			children = (
				997BA63624394767007AA974 /* MWCastMemberView.swift */,
			);
			path = Views;
			sourceTree = "<group>";
		};
		9999E0C223F9F378007EB718 = {
			isa = PBXGroup;
			children = (
				999637A8245A0304004A9E5D /* .swiftlint.yml */,
				9999E0CD23F9F378007EB718 /* MovieWorld */,
				9999E0CC23F9F378007EB718 /* Products */,
				2139BEA7B03B0F53D918779C /* Pods */,
				A935E3FE0F167EC493A175EB /* Frameworks */,
			);
			sourceTree = "<group>";
		};
		9999E0CC23F9F378007EB718 /* Products */ = {
			isa = PBXGroup;
			children = (
				9999E0CB23F9F378007EB718 /* MovieWorld.app */,
			);
			name = Products;
			sourceTree = "<group>";
		};
		9999E0CD23F9F378007EB718 /* MovieWorld */ = {
			isa = PBXGroup;
			children = (
				9999E0CE23F9F378007EB718 /* AppDelegate.swift */,
				9999E0DC23F9F37A007EB718 /* Info.plist */,
				999E5FFF241B7B4E00F3103F /* CoreData */,
				9979B44F23FFC1F2005421D9 /* Common */,
				9979B45023FFC20C005421D9 /* Features */,
				9979B45323FFC243005421D9 /* Resourses */,
				9979B45223FFC229005421D9 /* Extensions */,
				9979B45123FFC220005421D9 /* Utility */,
				9979B44D23FFC1DB005421D9 /* .gitignore */,
			);
			path = MovieWorld;
			sourceTree = "<group>";
		};
		999E5FFF241B7B4E00F3103F /* CoreData */ = {
			isa = PBXGroup;
			children = (
				999E6005241B7BFE00F3103F /* DataClasses */,
				999E6000241B7B6800F3103F /* MWModel.xcdatamodeld */,
				999E6003241B7B7500F3103F /* CoreDataManager.swift */,
			);
			path = CoreData;
			sourceTree = "<group>";
		};
		999E6005241B7BFE00F3103F /* DataClasses */ = {
			isa = PBXGroup;
			children = (
				994842E6245A27DD009F04AE /* ImageConfiguration+CoreDataClass.swift */,
				994842E7245A27DD009F04AE /* ImageConfiguration+CoreDataProperties.swift */,
				994842E8245A27DD009F04AE /* FavoriteMovies+CoreDataClass.swift */,
				994842E9245A27DD009F04AE /* FavoriteMovies+CoreDataProperties.swift */,
				994842EA245A27DD009F04AE /* Movie+CoreDataClass.swift */,
				994842EB245A27DD009F04AE /* Movie+CoreDataProperties.swift */,
				994842EC245A27DD009F04AE /* FavoriteActors+CoreDataClass.swift */,
				994842ED245A27DD009F04AE /* FavoriteActors+CoreDataProperties.swift */,
				994842EE245A27DD009F04AE /* CastMember+CoreDataClass.swift */,
				994842EF245A27DD009F04AE /* CastMember+CoreDataProperties.swift */,
				994842F0245A27DD009F04AE /* Genre+CoreDataClass.swift */,
				994842F1245A27DD009F04AE /* Genre+CoreDataProperties.swift */,
				994842F2245A27DD009F04AE /* MovieAdditionalInfo+CoreDataClass.swift */,
				994842F3245A27DD009F04AE /* MovieAdditionalInfo+CoreDataProperties.swift */,
				994842F4245A27DD009F04AE /* MovieCategory+CoreDataClass.swift */,
				994842F5245A27DD009F04AE /* MovieCategory+CoreDataProperties.swift */,
			);
			path = DataClasses;
			sourceTree = "<group>";
		};
		99AB2D7F24321D0500095464 /* Model */ = {
			isa = PBXGroup;
			children = (
				99AB2D8024321D1700095464 /* MWMovieGallery.swift */,
			);
			path = Model;
			sourceTree = "<group>";
		};
		99AB2D8C243767E200095464 /* Cast */ = {
			isa = PBXGroup;
			children = (
				997BA6382439477A007AA974 /* Views */,
				99AB2D8E243767FD00095464 /* Cells */,
				99AB2D8D243767F300095464 /* Controllers */,
			);
			path = Cast;
			sourceTree = "<group>";
		};
		99AB2D8D243767F300095464 /* Controllers */ = {
			isa = PBXGroup;
			children = (
				99AB2D8F2437682500095464 /* MWCastViewController.swift */,
			);
			path = Controllers;
			sourceTree = "<group>";
		};
		99AB2D8E243767FD00095464 /* Cells */ = {
			isa = PBXGroup;
			children = (
				99AB2D912437714C00095464 /* MWCastMemberTableViewCell.swift */,
				9983A222243780F200810675 /* MWCrewMemberTableViewCell.swift */,
			);
			path = Cells;
			sourceTree = "<group>";
		};
		99C5C13824091B6F003935F2 /* Network */ = {
			isa = PBXGroup;
			children = (
				996F79E5240BEAE8006FF3C0 /* MWNetwork.swift */,
				996F79E7240BEBB4006FF3C0 /* MWNetError.swift */,
				99915F87240D254800E39CE0 /* MWSpecialError.swift */,
				995F405824153DA8005DC65F /* URLPaths.swift */,
				99FB9699242389CB00812329 /* MWImageLoadingHelper.swift */,
			);
			path = Network;
			sourceTree = "<group>";
		};
		99CAD457245100E500E88BBD /* Cells */ = {
			isa = PBXGroup;
			children = (
				99CAD4552451007600E88BBD /* MWCountryFilterTableViewCell.swift */,
			);
			path = Cells;
			sourceTree = "<group>";
		};
		99DAFEDD2443CB8F00C74F8A /* FavoriteMoviesAndActors */ = {
			isa = PBXGroup;
			children = (
				99DAFEDE2443CBF200C74F8A /* MWFavoriteMoviesViewController.swift */,
				990066A02445342D0015C351 /* MWFavoriteActorsViewController.swift */,
				9944CFBC24475F3F00C783CD /* MasterFavoriteViewController.swift */,
			);
			path = FavoriteMoviesAndActors;
			sourceTree = "<group>";
		};
		99F15294244C9AE0008A1923 /* Layouts */ = {
			isa = PBXGroup;
			children = (
				99F15295244C9B1E008A1923 /* MWGroupsCollectionViewLayout.swift */,
			);
			path = Layouts;
			sourceTree = "<group>";
		};
		99F1529B244D03AC008A1923 /* Controls */ = {
			isa = PBXGroup;
			children = (
				99F15299244D039E008A1923 /* MWCategories.swift */,
			);
			path = Controls;
			sourceTree = "<group>";
		};
		99F1765A2424240500969F1D /* SingleCategory */ = {
			isa = PBXGroup;
			children = (
				99F1765C2424242100969F1D /* Controllers */,
				99F1765B2424241800969F1D /* Cells */,
			);
			path = SingleCategory;
			sourceTree = "<group>";
		};
		99F1765B2424241800969F1D /* Cells */ = {
			isa = PBXGroup;
			children = (
				994E3CFF23FAA0170034B4D2 /* MWSingleMovieInCategoryCell.swift */,
			);
			path = Cells;
			sourceTree = "<group>";
		};
		99F1765C2424242100969F1D /* Controllers */ = {
			isa = PBXGroup;
			children = (
				99AA6E00242254820087BB44 /* MWSingleCategoryViewController.swift */,
			);
			path = Controllers;
			sourceTree = "<group>";
		};
		99F2A4E5244365FE000910F8 /* Profile */ = {
			isa = PBXGroup;
			children = (
				99DAFEDD2443CB8F00C74F8A /* FavoriteMoviesAndActors */,
				99F2A4E82443666A000910F8 /* Controllers */,
			);
			path = Profile;
			sourceTree = "<group>";
		};
		99F2A4E82443666A000910F8 /* Controllers */ = {
			isa = PBXGroup;
			children = (
				99F2A4E624436666000910F8 /* MWProfileViewController.swift */,
			);
			path = Controllers;
			sourceTree = "<group>";
		};
		A935E3FE0F167EC493A175EB /* Frameworks */ = {
			isa = PBXGroup;
			children = (
				C871CBC05AFA2A873B51B459 /* Pods_MovieWorld.framework */,
			);
			name = Frameworks;
			sourceTree = "<group>";
		};
/* End PBXGroup section */

/* Begin PBXNativeTarget section */
		9999E0CA23F9F378007EB718 /* MovieWorld */ = {
			isa = PBXNativeTarget;
			buildConfigurationList = 9999E0DF23F9F37A007EB718 /* Build configuration list for PBXNativeTarget "MovieWorld" */;
			buildPhases = (
				03E716B1DFF153B062190C6C /* [CP] Check Pods Manifest.lock */,
				9999E0C723F9F378007EB718 /* Sources */,
				9999E0C823F9F378007EB718 /* Frameworks */,
				9999E0C923F9F378007EB718 /* Resources */,
				5AA1F9AC721D5BCE05161C0B /* [CP] Embed Pods Frameworks */,
				999637AA245A030E004A9E5D /* ShellScript */,
			);
			buildRules = (
			);
			dependencies = (
			);
			name = MovieWorld;
			productName = MovieWorld;
			productReference = 9999E0CB23F9F378007EB718 /* MovieWorld.app */;
			productType = "com.apple.product-type.application";
		};
/* End PBXNativeTarget section */

/* Begin PBXProject section */
		9999E0C323F9F378007EB718 /* Project object */ = {
			isa = PBXProject;
			attributes = {
				LastSwiftUpdateCheck = 1130;
				LastUpgradeCheck = 1130;
				ORGANIZATIONNAME = "Ilya Maslou";
				TargetAttributes = {
					9999E0CA23F9F378007EB718 = {
						CreatedOnToolsVersion = 11.3.1;
					};
				};
			};
			buildConfigurationList = 9999E0C623F9F378007EB718 /* Build configuration list for PBXProject "MovieWorld" */;
			compatibilityVersion = "Xcode 9.3";
			developmentRegion = en;
			hasScannedForEncodings = 0;
			knownRegions = (
				en,
				Base,
				ru,
			);
			mainGroup = 9999E0C223F9F378007EB718;
			productRefGroup = 9999E0CC23F9F378007EB718 /* Products */;
			projectDirPath = "";
			projectRoot = "";
			targets = (
				9999E0CA23F9F378007EB718 /* MovieWorld */,
			);
		};
/* End PBXProject section */

/* Begin PBXResourcesBuildPhase section */
		9999E0C923F9F378007EB718 /* Resources */ = {
			isa = PBXResourcesBuildPhase;
			buildActionMask = 2147483647;
			files = (
				999637A9245A0304004A9E5D /* .swiftlint.yml in Resources */,
				9999E0DB23F9F37A007EB718 /* LaunchScreen.storyboard in Resources */,
				996CB0A324124E2F00200EFE /* Localizable.strings in Resources */,
				9979B45523FFC2A5005421D9 /* Colors.xcassets in Resources */,
				9979B44E23FFC1DB005421D9 /* .gitignore in Resources */,
				9999E0D823F9F37A007EB718 /* Assets.xcassets in Resources */,
			);
			runOnlyForDeploymentPostprocessing = 0;
		};
/* End PBXResourcesBuildPhase section */

/* Begin PBXShellScriptBuildPhase section */
		03E716B1DFF153B062190C6C /* [CP] Check Pods Manifest.lock */ = {
			isa = PBXShellScriptBuildPhase;
			buildActionMask = 2147483647;
			files = (
			);
			inputFileListPaths = (
			);
			inputPaths = (
				"${PODS_PODFILE_DIR_PATH}/Podfile.lock",
				"${PODS_ROOT}/Manifest.lock",
			);
			name = "[CP] Check Pods Manifest.lock";
			outputFileListPaths = (
			);
			outputPaths = (
				"$(DERIVED_FILE_DIR)/Pods-MovieWorld-checkManifestLockResult.txt",
			);
			runOnlyForDeploymentPostprocessing = 0;
			shellPath = /bin/sh;
			shellScript = "diff \"${PODS_PODFILE_DIR_PATH}/Podfile.lock\" \"${PODS_ROOT}/Manifest.lock\" > /dev/null\nif [ $? != 0 ] ; then\n    # print error to STDERR\n    echo \"error: The sandbox is not in sync with the Podfile.lock. Run 'pod install' or update your CocoaPods installation.\" >&2\n    exit 1\nfi\n# This output is used by Xcode 'outputs' to avoid re-running this script phase.\necho \"SUCCESS\" > \"${SCRIPT_OUTPUT_FILE_0}\"\n";
			showEnvVarsInLog = 0;
		};
		5AA1F9AC721D5BCE05161C0B /* [CP] Embed Pods Frameworks */ = {
			isa = PBXShellScriptBuildPhase;
			buildActionMask = 2147483647;
			files = (
			);
			inputFileListPaths = (
				"${PODS_ROOT}/Target Support Files/Pods-MovieWorld/Pods-MovieWorld-frameworks-${CONFIGURATION}-input-files.xcfilelist",
			);
			name = "[CP] Embed Pods Frameworks";
			outputFileListPaths = (
				"${PODS_ROOT}/Target Support Files/Pods-MovieWorld/Pods-MovieWorld-frameworks-${CONFIGURATION}-output-files.xcfilelist",
			);
			runOnlyForDeploymentPostprocessing = 0;
			shellPath = /bin/sh;
			shellScript = "\"${PODS_ROOT}/Target Support Files/Pods-MovieWorld/Pods-MovieWorld-frameworks.sh\"\n";
			showEnvVarsInLog = 0;
		};
		999637AA245A030E004A9E5D /* ShellScript */ = {
			isa = PBXShellScriptBuildPhase;
			buildActionMask = 2147483647;
			files = (
			);
			inputFileListPaths = (
			);
			inputPaths = (
			);
			outputFileListPaths = (
			);
			outputPaths = (
			);
			runOnlyForDeploymentPostprocessing = 0;
			shellPath = /bin/sh;
			shellScript = "if which swiftlint >/dev/null; then\n  swiftlint\nelse\n  echo \"warning: SwiftLint not installed, download from https://github.com/realm/SwiftLint\"\nfi\n";
		};
/* End PBXShellScriptBuildPhase section */

/* Begin PBXSourcesBuildPhase section */
		9999E0C723F9F378007EB718 /* Sources */ = {
			isa = PBXSourcesBuildPhase;
			buildActionMask = 2147483647;
			files = (
				992CF93924054B3A00301BC5 /* MWCustomButton.swift in Sources */,
				99484302245A27DD009F04AE /* MovieAdditionalInfo+CoreDataClass.swift in Sources */,
				994842FC245A27DD009F04AE /* FavoriteActors+CoreDataClass.swift in Sources */,
				9979B45F23FFC666005421D9 /* MWTabBarViewController.swift in Sources */,
				99AB2D832433EB1200095464 /* MWTitleButtonView.swift in Sources */,
				9941EAB82424F2CF00E0CFE6 /* MWGenreCollectionViewCell.swift in Sources */,
				996F79E6240BEAE8006FF3C0 /* MWNetwork.swift in Sources */,
				99AB2D922437714C00095464 /* MWCastMemberTableViewCell.swift in Sources */,
				99484305245A27DD009F04AE /* MovieCategory+CoreDataProperties.swift in Sources */,
				996F79EA240C0374006FF3C0 /* MWGenre.swift in Sources */,
				99AB2D902437682500095464 /* MWCastViewController.swift in Sources */,
				99DAFEDF2443CBF200C74F8A /* MWFavoriteMoviesViewController.swift in Sources */,
				994842F7245A27DD009F04AE /* ImageConfiguration+CoreDataProperties.swift in Sources */,
				99AB2D8124321D1700095464 /* MWMovieGallery.swift in Sources */,
				99CAD4522450F22900E88BBD /* MWLanguageConfiguration.swift in Sources */,
				99B481F82439501200017903 /* Date+Ex.swift in Sources */,
				99484300245A27DD009F04AE /* Genre+CoreDataClass.swift in Sources */,
				99F1529A244D039E008A1923 /* MWCategories.swift in Sources */,
				9979B46523FFD0D5005421D9 /* MWViewController.swift in Sources */,
				999E6004241B7B7500F3103F /* CoreDataManager.swift in Sources */,
				994842FA245A27DD009F04AE /* Movie+CoreDataClass.swift in Sources */,
				994E3D0023FAA0170034B4D2 /* MWSingleMovieInCategoryCell.swift in Sources */,
				997BA63524393893007AA974 /* MWMemberViewController.swift in Sources */,
				9979B46123FFCEF4005421D9 /* MWCategoryViewController.swift in Sources */,
				99CAD4502450E8F700E88BBD /* MWFilterViewController.swift in Sources */,
				9999E0D323F9F378007EB718 /* MWMainTabViewController.swift in Sources */,
				9944CFBD24475F3F00C783CD /* MasterFavoriteViewController.swift in Sources */,
				994842F6245A27DD009F04AE /* ImageConfiguration+CoreDataClass.swift in Sources */,
				992A1D6B242AC43200D61D65 /* MWCastMemberCollectionViewCell.swift in Sources */,
				99CAD4562451007600E88BBD /* MWCountryFilterTableViewCell.swift in Sources */,
				9999E0CF23F9F378007EB718 /* AppDelegate.swift in Sources */,
				997870E124563E6500CD2ACC /* MWGenresCollectionViewController.swift in Sources */,
				993D6DC32447C423000F5180 /* UINavigationController + ex.swift in Sources */,
				9981C573243924940079747B /* MWMemberDetails.swift in Sources */,
				99937CAA243D52C700054731 /* UIImage + Ex.swift in Sources */,
				99BAE46E2411A6DC00F45B11 /* MWConfiguration.swift in Sources */,
				9979B46323FFCF19005421D9 /* MWSearchViewController.swift in Sources */,
				99CAD4542450F65900E88BBD /* FilterCountryViewController.swift in Sources */,
				995F405724153868005DC65F /* MWImageConfiguration.swift in Sources */,
				999E6002241B7B6800F3103F /* MWModel.xcdatamodeld in Sources */,
				99F15296244C9B1E008A1923 /* MWGroupsCollectionViewLayout.swift in Sources */,
				996AA821243142A30001B788 /* MWMovieImages.swift in Sources */,
				992A1D6D242C053C00D61D65 /* MWMovieAdditionalInfo.swift in Sources */,
				99FB969A242389CB00812329 /* MWImageLoadingHelper.swift in Sources */,
				996F79E4240BEACF006FF3C0 /* String+Ex.swift in Sources */,
				994842F8245A27DD009F04AE /* FavoriteMovies+CoreDataClass.swift in Sources */,
				994842FD245A27DD009F04AE /* FavoriteActors+CoreDataProperties.swift in Sources */,
				9983A223243780F200810675 /* MWCrewMemberTableViewCell.swift in Sources */,
				994842F9245A27DD009F04AE /* FavoriteMovies+CoreDataProperties.swift in Sources */,
				994842FB245A27DD009F04AE /* Movie+CoreDataProperties.swift in Sources */,
				99BAE46C2411A22600F45B11 /* MWSystem.swift in Sources */,
				997BA63724394767007AA974 /* MWCastMemberView.swift in Sources */,
				992CF937240549E200301BC5 /* MWMainTableViewCell.swift in Sources */,
				995F405924153DA8005DC65F /* URLPaths.swift in Sources */,
				99B1ACEB245E0A1F00D6B047 /* MovieAdditionalInfo+CoreDataClass.swift in Sources */,
				996F79E8240BEBB4006FF3C0 /* MWNetError.swift in Sources */,
				99BAE46A241194AD00F45B11 /* MWInitController.swift in Sources */,
				99915F88240D254800E39CE0 /* MWSpecialError.swift in Sources */,
				994842FE245A27DD009F04AE /* CastMember+CoreDataClass.swift in Sources */,
				992DB7D12428CD700047D438 /* MWSingleMovieViewController.swift in Sources */,
				996F79E3240BEACF006FF3C0 /* MWNetwork+ExUtility.swift in Sources */,
				992DB7D32428D8920047D438 /* MWMovieVideo.swift in Sources */,
				990066A12445342D0015C351 /* MWFavoriteActorsViewController.swift in Sources */,
				994842FF245A27DD009F04AE /* CastMember+CoreDataProperties.swift in Sources */,
				99484304245A27DD009F04AE /* MovieCategory+CoreDataClass.swift in Sources */,
				994E3CFA23FA9C8B0034B4D2 /* MWInterface.swift in Sources */,
				994E3CFC23FA9D990034B4D2 /* MWNavigationController.swift in Sources */,
				991420CF243A0FAB00A11F49 /* MWPersonMovies.swift in Sources */,
				99CC6DBF242E30180078B63C /* MWSingleMovieView.swift in Sources */,
				99484303245A27DD009F04AE /* MovieAdditionalInfo+CoreDataProperties.swift in Sources */,
				992A1D67242AA61E00D61D65 /* MWMovieCast.swift in Sources */,
				994E3D0323FAA18E0034B4D2 /* MWMovie.swift in Sources */,
				992A1D69242AB81600D61D65 /* Notification + Ex.swift in Sources */,
				99AA6E01242254820087BB44 /* MWSingleCategoryViewController.swift in Sources */,
				99F4CD4C24523C3200E059A7 /* MWLabelsWithArrowView.swift in Sources */,
				992CF93B240687B700301BC5 /* MWMainCollectionViewCell.swift in Sources */,
				99F2A4E724436666000910F8 /* MWProfileViewController.swift in Sources */,
				99AB2D7E2431E90200095464 /* MWMovieGalleryCollectionViewCell.swift in Sources */,
				99484301245A27DD009F04AE /* Genre+CoreDataProperties.swift in Sources */,
			);
			runOnlyForDeploymentPostprocessing = 0;
		};
/* End PBXSourcesBuildPhase section */

/* Begin PBXVariantGroup section */
		996CB0A524124E2F00200EFE /* Localizable.strings */ = {
			isa = PBXVariantGroup;
			children = (
				996CB0A424124E2F00200EFE /* en */,
				996CB0A624124E3000200EFE /* ru */,
			);
			name = Localizable.strings;
			sourceTree = "<group>";
		};
		9999E0D923F9F37A007EB718 /* LaunchScreen.storyboard */ = {
			isa = PBXVariantGroup;
			children = (
				9999E0DA23F9F37A007EB718 /* Base */,
				996CB0932412472500200EFE /* ru */,
			);
			name = LaunchScreen.storyboard;
			sourceTree = "<group>";
		};
/* End PBXVariantGroup section */

/* Begin XCBuildConfiguration section */
		9999E0DD23F9F37A007EB718 /* Debug */ = {
			isa = XCBuildConfiguration;
			buildSettings = {
				ALWAYS_SEARCH_USER_PATHS = NO;
				CLANG_ANALYZER_LOCALIZABILITY_NONLOCALIZED = YES;
				CLANG_ANALYZER_NONNULL = YES;
				CLANG_ANALYZER_NUMBER_OBJECT_CONVERSION = YES_AGGRESSIVE;
				CLANG_CXX_LANGUAGE_STANDARD = "gnu++14";
				CLANG_CXX_LIBRARY = "libc++";
				CLANG_ENABLE_MODULES = YES;
				CLANG_ENABLE_OBJC_ARC = YES;
				CLANG_ENABLE_OBJC_WEAK = YES;
				CLANG_WARN_BLOCK_CAPTURE_AUTORELEASING = YES;
				CLANG_WARN_BOOL_CONVERSION = YES;
				CLANG_WARN_COMMA = YES;
				CLANG_WARN_CONSTANT_CONVERSION = YES;
				CLANG_WARN_DEPRECATED_OBJC_IMPLEMENTATIONS = YES;
				CLANG_WARN_DIRECT_OBJC_ISA_USAGE = YES_ERROR;
				CLANG_WARN_DOCUMENTATION_COMMENTS = YES;
				CLANG_WARN_EMPTY_BODY = YES;
				CLANG_WARN_ENUM_CONVERSION = YES;
				CLANG_WARN_INFINITE_RECURSION = YES;
				CLANG_WARN_INT_CONVERSION = YES;
				CLANG_WARN_NON_LITERAL_NULL_CONVERSION = YES;
				CLANG_WARN_OBJC_IMPLICIT_RETAIN_SELF = YES;
				CLANG_WARN_OBJC_LITERAL_CONVERSION = YES;
				CLANG_WARN_OBJC_ROOT_CLASS = YES_ERROR;
				CLANG_WARN_RANGE_LOOP_ANALYSIS = YES;
				CLANG_WARN_STRICT_PROTOTYPES = YES;
				CLANG_WARN_SUSPICIOUS_MOVE = YES;
				CLANG_WARN_UNGUARDED_AVAILABILITY = YES_AGGRESSIVE;
				CLANG_WARN_UNREACHABLE_CODE = YES;
				CLANG_WARN__DUPLICATE_METHOD_MATCH = YES;
				COPY_PHASE_STRIP = NO;
				DEBUG_INFORMATION_FORMAT = dwarf;
				ENABLE_STRICT_OBJC_MSGSEND = YES;
				ENABLE_TESTABILITY = YES;
				GCC_C_LANGUAGE_STANDARD = gnu11;
				GCC_DYNAMIC_NO_PIC = NO;
				GCC_NO_COMMON_BLOCKS = YES;
				GCC_OPTIMIZATION_LEVEL = 0;
				GCC_PREPROCESSOR_DEFINITIONS = (
					"DEBUG=1",
					"$(inherited)",
				);
				GCC_WARN_64_TO_32_BIT_CONVERSION = YES;
				GCC_WARN_ABOUT_RETURN_TYPE = YES_ERROR;
				GCC_WARN_UNDECLARED_SELECTOR = YES;
				GCC_WARN_UNINITIALIZED_AUTOS = YES_AGGRESSIVE;
				GCC_WARN_UNUSED_FUNCTION = YES;
				GCC_WARN_UNUSED_VARIABLE = YES;
				IPHONEOS_DEPLOYMENT_TARGET = 13.2;
				MTL_ENABLE_DEBUG_INFO = INCLUDE_SOURCE;
				MTL_FAST_MATH = YES;
				ONLY_ACTIVE_ARCH = YES;
				SDKROOT = iphoneos;
				SWIFT_ACTIVE_COMPILATION_CONDITIONS = DEBUG;
				SWIFT_OPTIMIZATION_LEVEL = "-Onone";
			};
			name = Debug;
		};
		9999E0DE23F9F37A007EB718 /* Release */ = {
			isa = XCBuildConfiguration;
			buildSettings = {
				ALWAYS_SEARCH_USER_PATHS = NO;
				CLANG_ANALYZER_LOCALIZABILITY_NONLOCALIZED = YES;
				CLANG_ANALYZER_NONNULL = YES;
				CLANG_ANALYZER_NUMBER_OBJECT_CONVERSION = YES_AGGRESSIVE;
				CLANG_CXX_LANGUAGE_STANDARD = "gnu++14";
				CLANG_CXX_LIBRARY = "libc++";
				CLANG_ENABLE_MODULES = YES;
				CLANG_ENABLE_OBJC_ARC = YES;
				CLANG_ENABLE_OBJC_WEAK = YES;
				CLANG_WARN_BLOCK_CAPTURE_AUTORELEASING = YES;
				CLANG_WARN_BOOL_CONVERSION = YES;
				CLANG_WARN_COMMA = YES;
				CLANG_WARN_CONSTANT_CONVERSION = YES;
				CLANG_WARN_DEPRECATED_OBJC_IMPLEMENTATIONS = YES;
				CLANG_WARN_DIRECT_OBJC_ISA_USAGE = YES_ERROR;
				CLANG_WARN_DOCUMENTATION_COMMENTS = YES;
				CLANG_WARN_EMPTY_BODY = YES;
				CLANG_WARN_ENUM_CONVERSION = YES;
				CLANG_WARN_INFINITE_RECURSION = YES;
				CLANG_WARN_INT_CONVERSION = YES;
				CLANG_WARN_NON_LITERAL_NULL_CONVERSION = YES;
				CLANG_WARN_OBJC_IMPLICIT_RETAIN_SELF = YES;
				CLANG_WARN_OBJC_LITERAL_CONVERSION = YES;
				CLANG_WARN_OBJC_ROOT_CLASS = YES_ERROR;
				CLANG_WARN_RANGE_LOOP_ANALYSIS = YES;
				CLANG_WARN_STRICT_PROTOTYPES = YES;
				CLANG_WARN_SUSPICIOUS_MOVE = YES;
				CLANG_WARN_UNGUARDED_AVAILABILITY = YES_AGGRESSIVE;
				CLANG_WARN_UNREACHABLE_CODE = YES;
				CLANG_WARN__DUPLICATE_METHOD_MATCH = YES;
				COPY_PHASE_STRIP = NO;
				DEBUG_INFORMATION_FORMAT = "dwarf-with-dsym";
				ENABLE_NS_ASSERTIONS = NO;
				ENABLE_STRICT_OBJC_MSGSEND = YES;
				GCC_C_LANGUAGE_STANDARD = gnu11;
				GCC_NO_COMMON_BLOCKS = YES;
				GCC_WARN_64_TO_32_BIT_CONVERSION = YES;
				GCC_WARN_ABOUT_RETURN_TYPE = YES_ERROR;
				GCC_WARN_UNDECLARED_SELECTOR = YES;
				GCC_WARN_UNINITIALIZED_AUTOS = YES_AGGRESSIVE;
				GCC_WARN_UNUSED_FUNCTION = YES;
				GCC_WARN_UNUSED_VARIABLE = YES;
				IPHONEOS_DEPLOYMENT_TARGET = 13.2;
				MTL_ENABLE_DEBUG_INFO = NO;
				MTL_FAST_MATH = YES;
				SDKROOT = iphoneos;
				SWIFT_COMPILATION_MODE = wholemodule;
				SWIFT_OPTIMIZATION_LEVEL = "-O";
				VALIDATE_PRODUCT = YES;
			};
			name = Release;
		};
		9999E0E023F9F37A007EB718 /* Debug */ = {
			isa = XCBuildConfiguration;
			baseConfigurationReference = 0BE71B7BC15D4D1921BA2AA9 /* Pods-MovieWorld.debug.xcconfig */;
			buildSettings = {
				ASSETCATALOG_COMPILER_APPICON_NAME = AppIcon;
				CODE_SIGN_STYLE = Automatic;
				DEVELOPMENT_TEAM = FSG569Y9UG;
				INFOPLIST_FILE = MovieWorld/Info.plist;
				IPHONEOS_DEPLOYMENT_TARGET = 11.4;
				LD_RUNPATH_SEARCH_PATHS = (
					"$(inherited)",
					"@executable_path/Frameworks",
				);
				PRODUCT_BUNDLE_IDENTIFIER = by.clevertec.imaslou.MovieWorld;
				PRODUCT_NAME = "$(TARGET_NAME)";
				SWIFT_VERSION = 5.0;
				TARGETED_DEVICE_FAMILY = 1;
			};
			name = Debug;
		};
		9999E0E123F9F37A007EB718 /* Release */ = {
			isa = XCBuildConfiguration;
			baseConfigurationReference = 4EA3DE178F6AFCF3BA8474BC /* Pods-MovieWorld.release.xcconfig */;
			buildSettings = {
				ASSETCATALOG_COMPILER_APPICON_NAME = AppIcon;
				CODE_SIGN_STYLE = Automatic;
				DEVELOPMENT_TEAM = FSG569Y9UG;
				INFOPLIST_FILE = MovieWorld/Info.plist;
				IPHONEOS_DEPLOYMENT_TARGET = 11.4;
				LD_RUNPATH_SEARCH_PATHS = (
					"$(inherited)",
					"@executable_path/Frameworks",
				);
				PRODUCT_BUNDLE_IDENTIFIER = by.clevertec.imaslou.MovieWorld;
				PRODUCT_NAME = "$(TARGET_NAME)";
				SWIFT_VERSION = 5.0;
				TARGETED_DEVICE_FAMILY = 1;
			};
			name = Release;
		};
/* End XCBuildConfiguration section */

/* Begin XCConfigurationList section */
		9999E0C623F9F378007EB718 /* Build configuration list for PBXProject "MovieWorld" */ = {
			isa = XCConfigurationList;
			buildConfigurations = (
				9999E0DD23F9F37A007EB718 /* Debug */,
				9999E0DE23F9F37A007EB718 /* Release */,
			);
			defaultConfigurationIsVisible = 0;
			defaultConfigurationName = Release;
		};
		9999E0DF23F9F37A007EB718 /* Build configuration list for PBXNativeTarget "MovieWorld" */ = {
			isa = XCConfigurationList;
			buildConfigurations = (
				9999E0E023F9F37A007EB718 /* Debug */,
				9999E0E123F9F37A007EB718 /* Release */,
			);
			defaultConfigurationIsVisible = 0;
			defaultConfigurationName = Release;
		};
/* End XCConfigurationList section */

/* Begin XCVersionGroup section */
		999E6000241B7B6800F3103F /* MWModel.xcdatamodeld */ = {
			isa = XCVersionGroup;
			children = (
				999E6001241B7B6800F3103F /* MWModel.xcdatamodel */,
			);
			currentVersion = 999E6001241B7B6800F3103F /* MWModel.xcdatamodel */;
			path = MWModel.xcdatamodeld;
			sourceTree = "<group>";
			versionGroupType = wrapper.xcdatamodel;
		};
/* End XCVersionGroup section */
	};
	rootObject = 9999E0C323F9F378007EB718 /* Project object */;
}
