PODS:
  - SnapKit (5.0.1)
  - YouTubePlayer (0.4.0)

DEPENDENCIES:
  - SnapKit (~> 5.0.0)
  - YouTubePlayer

SPEC REPOS:
  trunk:
    - SnapKit
    - YouTubePlayer

SPEC CHECKSUMS:
  SnapKit: 97b92857e3df3a0c71833cce143274bf6ef8e5eb
  YouTubePlayer: 028451f6772f372d4759866db99824c676ac1473

PODFILE CHECKSUM: a347f6ebaf0a4368173617ff1684d9e14ec27955

COCOAPODS: 1.9.1
