PODS:
  - AvailableHapticFeedback (1.0.2)
  - GzipSwift (5.1.1)
  - MultiSlider (1.10.9):
    - AvailableHapticFeedback
    - SweeterSwift
  - SnapKit (5.0.1)
  - SweeterSwift (1.1.3)
  - YouTubePlayer (0.4.0)

DEPENDENCIES:
  - GzipSwift
  - MultiSlider
  - SnapKit (~> 5.0.0)
  - YouTubePlayer

SPEC REPOS:
  trunk:
    - AvailableHapticFeedback
    - GzipSwift
    - MultiSlider
    - SnapKit
    - SweeterSwift
    - YouTubePlayer

SPEC CHECKSUMS:
  AvailableHapticFeedback: 9b21b9f6d3e4566015988b5de35b40abefe6c09a
  GzipSwift: 893f3e48e597a1a4f62fafcb6514220fcf8287fa
  MultiSlider: 5b0a78da0b4fd4bbc53c9c2bf917e0de0ebcbb04
  SnapKit: 97b92857e3df3a0c71833cce143274bf6ef8e5eb
  SweeterSwift: d909211f6833405628c8c7c6bf9f8f2e8a0e9df9
  YouTubePlayer: 028451f6772f372d4759866db99824c676ac1473

PODFILE CHECKSUM: 530b8174aa65bde9fcca5ee1b57523b401d3fffe

COCOAPODS: 1.9.1
